
Microsoft Visual Studio Solution File, Format Version 12.00
# Visual Studio Version 17
VisualStudioVersion = 17.6.33723.286
MinimumVisualStudioVersion = 10.0.40219.1
Project("{FAE04EC0-301F-11D3-BF4B-00C04F79EFBC}") = "JordanRigs", "JordanRigs.csproj", "{C306B133-7649-4E3F-9EB8-6AB25ACEBAAF}"
EndProject
Global
	GlobalSection(SolutionConfigurationPlatforms) = preSolution
		Debug|Any CPU = Debug|Any CPU
		Release|Any CPU = Release|Any CPU
	EndGlobalSection
	GlobalSection(ProjectConfigurationPlatforms) = postSolution
		{C306B133-7649-4E3F-9EB8-6AB25ACEBAAF}.Debug|Any CPU.ActiveCfg = Debug|Any CPU
		{C306B133-7649-4E3F-9EB8-6AB25ACEBAAF}.Debug|Any CPU.Build.0 = Debug|Any CPU
		{C306B133-7649-4E3F-9EB8-6AB25ACEBAAF}.Release|Any CPU.ActiveCfg = Release|Any CPU
		{C306B133-7649-4E3F-9EB8-6AB25ACEBAAF}.Release|Any CPU.Build.0 = Release|Any CPU
	EndGlobalSection
	GlobalSection(SolutionProperties) = preSolution
		HideSolutionNode = FALSE
	EndGlobalSection
	GlobalSection(ExtensibilityGlobals) = postSolution
		SolutionGuid = {EC45AD88-6AD4-4246-9103-D56C2C24F139}
	EndGlobalSection
EndGlobal
